
Microsoft Visual Studio Solution File, Format Version 12.00
# Visual Studio Version 17
VisualStudioVersion = 17.0.32014.148
MinimumVisualStudioVersion = 10.0.40219.1
Project("{FAE04EC0-301F-11D3-BF4B-00C04F79EFBC}") = "WpfApp3", "WpfApp3\WpfApp3.csproj", "{27BA25F2-CC04-49B0-9ABB-5910CFAF4BF4}"
EndProject
Global
	GlobalSection(SolutionConfigurationPlatforms) = preSolution
		Debug|Any CPU = Debug|Any CPU
		Release|Any CPU = Release|Any CPU
	EndGlobalSection
	GlobalSection(ProjectConfigurationPlatforms) = postSolution
		{27BA25F2-CC04-49B0-9ABB-5910CFAF4BF4}.Debug|Any CPU.ActiveCfg = Debug|Any CPU
		{27BA25F2-CC04-49B0-9ABB-5910CFAF4BF4}.Debug|Any CPU.Build.0 = Debug|Any CPU
		{27BA25F2-CC04-49B0-9ABB-5910CFAF4BF4}.Release|Any CPU.ActiveCfg = Release|Any CPU
		{27BA25F2-CC04-49B0-9ABB-5910CFAF4BF4}.Release|Any CPU.Build.0 = Release|Any CPU
	EndGlobalSection
	GlobalSection(SolutionProperties) = preSolution
		HideSolutionNode = FALSE
	EndGlobalSection
	GlobalSection(ExtensibilityGlobals) = postSolution
		SolutionGuid = {9F8CB6BB-9D4F-4DE9-8681-86DAE1DFF3E4}
	EndGlobalSection
EndGlobal
